
Microsoft Visual Studio Solution File, Format Version 12.00
# Visual Studio Version 17
VisualStudioVersion = 17.7.34031.279
MinimumVisualStudioVersion = 10.0.40219.1
Project("{FAE04EC0-301F-11D3-BF4B-00C04F79EFBC}") = "quiz1Forms", "quiz1Forms\quiz1Forms.csproj", "{277B15AC-C847-45EA-9638-3768AE5D7A89}"
EndProject
Global
	GlobalSection(SolutionConfigurationPlatforms) = preSolution
		Debug|Any CPU = Debug|Any CPU
		Release|Any CPU = Release|Any CPU
	EndGlobalSection
	GlobalSection(ProjectConfigurationPlatforms) = postSolution
		{277B15AC-C847-45EA-9638-3768AE5D7A89}.Debug|Any CPU.ActiveCfg = Debug|Any CPU
		{277B15AC-C847-45EA-9638-3768AE5D7A89}.Debug|Any CPU.Build.0 = Debug|Any CPU
		{277B15AC-C847-45EA-9638-3768AE5D7A89}.Release|Any CPU.ActiveCfg = Release|Any CPU
		{277B15AC-C847-45EA-9638-3768AE5D7A89}.Release|Any CPU.Build.0 = Release|Any CPU
	EndGlobalSection
	GlobalSection(SolutionProperties) = preSolution
		HideSolutionNode = FALSE
	EndGlobalSection
	GlobalSection(ExtensibilityGlobals) = postSolution
		SolutionGuid = {73B36CA3-3467-4C05-9427-A7033033E4D2}
	EndGlobalSection
EndGlobal
